# This file is automatically @generated by Poetry 1.7.1 and should not be changed by hand.

[[package]]
name = "atomicwrites"
version = "1.4.0"
description = "Atomic file writes."
optional = false
python-versions = ">=2.7, !=3.0.*, !=3.1.*, !=3.2.*, !=3.3.*"
files = [
    {file = "atomicwrites-1.4.0-py2.py3-none-any.whl", hash = "sha256:6d1784dea7c0c8d4a5172b6c620f40b6e4cbfdf96d783691f2e1302a7b88e197"},
    {file = "atomicwrites-1.4.0.tar.gz", hash = "sha256:ae70396ad1a434f9c7046fd2dd196fc04b12f9e91ffb859164193be8b6168a7a"},
]

[[package]]
name = "attrs"
version = "21.4.0"
description = "Classes Without Boilerplate"
optional = false
python-versions = ">=2.7, !=3.0.*, !=3.1.*, !=3.2.*, !=3.3.*, !=3.4.*"
files = [
    {file = "attrs-21.4.0-py2.py3-none-any.whl", hash = "sha256:2d27e3784d7a565d36ab851fe94887c5eccd6a463168875832a1be79c82828b4"},
    {file = "attrs-21.4.0.tar.gz", hash = "sha256:626ba8234211db98e869df76230a137c4c40a12d72445c45d5f5b716f076e2fd"},
]

[package.extras]
dev = ["cloudpickle", "coverage[toml] (>=5.0.2)", "furo", "hypothesis", "mypy", "pre-commit", "pympler", "pytest (>=4.3.0)", "pytest-mypy-plugins", "six", "sphinx", "sphinx-notfound-page", "zope.interface"]
docs = ["furo", "sphinx", "sphinx-notfound-page", "zope.interface"]
tests = ["cloudpickle", "coverage[toml] (>=5.0.2)", "hypothesis", "mypy", "pympler", "pytest (>=4.3.0)", "pytest-mypy-plugins", "six", "zope.interface"]
tests-no-zope = ["cloudpickle", "coverage[toml] (>=5.0.2)", "hypothesis", "mypy", "pympler", "pytest (>=4.3.0)", "pytest-mypy-plugins", "six"]

[[package]]
name = "certifi"
version = "2021.10.8"
description = "Python package for providing Mozilla's CA Bundle."
optional = false
python-versions = "*"
files = [
    {file = "certifi-2021.10.8-py2.py3-none-any.whl", hash = "sha256:d62a0163eb4c2344ac042ab2bdf75399a71a2d8c7d47eac2e2ee91b9d6339569"},
    {file = "certifi-2021.10.8.tar.gz", hash = "sha256:78884e7c1d4b00ce3cea67b44566851c4343c120abd683433ce934a68ea58872"},
]

[[package]]
name = "charset-normalizer"
version = "2.0.12"
description = "The Real First Universal Charset Detector. Open, modern and actively maintained alternative to Chardet."
optional = false
python-versions = ">=3.5.0"
files = [
    {file = "charset-normalizer-2.0.12.tar.gz", hash = "sha256:2857e29ff0d34db842cd7ca3230549d1a697f96ee6d3fb071cfa6c7393832597"},
    {file = "charset_normalizer-2.0.12-py3-none-any.whl", hash = "sha256:6881edbebdb17b39b4eaaa821b438bf6eddffb4468cf344f09f89def34a8b1df"},
]

[package.extras]
unicode-backport = ["unicodedata2"]

[[package]]
name = "colorama"
version = "0.4.4"
description = "Cross-platform colored terminal text."
optional = false
python-versions = ">=2.7, !=3.0.*, !=3.1.*, !=3.2.*, !=3.3.*, !=3.4.*"
files = [
    {file = "colorama-0.4.4-py2.py3-none-any.whl", hash = "sha256:9f47eda37229f68eee03b24b9748937c7dc3868f906e8ba69fbcbdd3bc5dc3e2"},
    {file = "colorama-0.4.4.tar.gz", hash = "sha256:5941b2b48a20143d2267e95b1c2a7603ce057ee39fd88e7329b0c292aa16869b"},
]

[[package]]
name = "dnspython"
version = "2.2.1"
description = "DNS toolkit"
optional = false
python-versions = ">=3.6,<4.0"
files = [
    {file = "dnspython-2.2.1-py3-none-any.whl", hash = "sha256:a851e51367fb93e9e1361732c1d60dab63eff98712e503ea7d92e6eccb109b4f"},
    {file = "dnspython-2.2.1.tar.gz", hash = "sha256:0f7569a4a6ff151958b64304071d370daa3243d15941a7beedf0c9fe5105603e"},
]

[package.extras]
curio = ["curio (>=1.2,<2.0)", "sniffio (>=1.1,<2.0)"]
dnssec = ["cryptography (>=2.6,<37.0)"]
doh = ["h2 (>=4.1.0)", "httpx (>=0.21.1)", "requests (>=2.23.0,<3.0.0)", "requests-toolbelt (>=0.9.1,<0.10.0)"]
idna = ["idna (>=2.1,<4.0)"]
trio = ["trio (>=0.14,<0.20)"]
wmi = ["wmi (>=1.5.1,<2.0.0)"]

[[package]]
name = "future"
version = "0.18.2"
description = "Clean single-source support for Python 3 and 2"
optional = false
python-versions = ">=2.6, !=3.0.*, !=3.1.*, !=3.2.*"
files = [
    {file = "future-0.18.2.tar.gz", hash = "sha256:b1bead90b70cf6ec3f0710ae53a525360fa360d306a86583adc6bf83a4db537d"},
]

[[package]]
name = "idna"
version = "3.3"
description = "Internationalized Domain Names in Applications (IDNA)"
optional = false
python-versions = ">=3.5"
files = [
    {file = "idna-3.3-py3-none-any.whl", hash = "sha256:84d9dd047ffa80596e0f246e2eab0b391788b0503584e8945f2368256d2735ff"},
    {file = "idna-3.3.tar.gz", hash = "sha256:9d643ff0a55b762d5cdb124b8eaa99c66322e2157b69160bc32796e824360e6d"},
]

[[package]]
name = "more-itertools"
version = "8.12.0"
description = "More routines for operating on iterables, beyond itertools"
optional = false
python-versions = ">=3.5"
files = [
    {file = "more-itertools-8.12.0.tar.gz", hash = "sha256:7dc6ad46f05f545f900dd59e8dfb4e84a4827b97b3cfecb175ea0c7d247f6064"},
    {file = "more_itertools-8.12.0-py3-none-any.whl", hash = "sha256:43e6dd9942dffd72661a2c4ef383ad7da1e6a3e968a927ad7a6083ab410a688b"},
]

[[package]]
name = "packaging"
version = "21.3"
description = "Core utilities for Python packages"
optional = false
python-versions = ">=3.6"
files = [
    {file = "packaging-21.3-py3-none-any.whl", hash = "sha256:ef103e05f519cdc783ae24ea4e2e0f508a9c99b2d4969652eed6a2e1ea5bd522"},
    {file = "packaging-21.3.tar.gz", hash = "sha256:dd47c42927d89ab911e606518907cc2d3a1f38bbd026385970643f9c5b8ecfeb"},
]

[package.dependencies]
pyparsing = ">=2.0.2,<3.0.5 || >3.0.5"

[[package]]
name = "pluggy"
version = "0.13.1"
description = "plugin and hook calling mechanisms for python"
optional = false
python-versions = ">=2.7, !=3.0.*, !=3.1.*, !=3.2.*, !=3.3.*"
files = [
    {file = "pluggy-0.13.1-py2.py3-none-any.whl", hash = "sha256:966c145cd83c96502c3c3868f50408687b38434af77734af1e9ca461a4081d2d"},
    {file = "pluggy-0.13.1.tar.gz", hash = "sha256:15b2acde666561e1298d71b523007ed7364de07029219b604cf808bfa1c765b0"},
]

[package.extras]
dev = ["pre-commit", "tox"]

[[package]]
name = "py"
version = "1.11.0"
description = "library with cross-python path, ini-parsing, io, code, log facilities"
optional = false
python-versions = ">=2.7, !=3.0.*, !=3.1.*, !=3.2.*, !=3.3.*, !=3.4.*"
files = [
    {file = "py-1.11.0-py2.py3-none-any.whl", hash = "sha256:607c53218732647dff4acdfcd50cb62615cedf612e72d1724fb1a0cc6405b378"},
    {file = "py-1.11.0.tar.gz", hash = "sha256:51c75c4126074b472f746a24399ad32f6053d1b34b68d2fa41e558e6f4a98719"},
]

[[package]]
name = "pycryptodome"
version = "3.19.1"
description = "Cryptographic library for Python"
optional = false
python-versions = ">=2.7, !=3.0.*, !=3.1.*, !=3.2.*, !=3.3.*, !=3.4.*"
files = [
    {file = "pycryptodome-3.19.1-cp27-cp27m-macosx_10_9_x86_64.whl", hash = "sha256:694020d2ff985cd714381b9da949a21028c24b86f562526186f6af7c7547e986"},
    {file = "pycryptodome-3.19.1-cp27-cp27m-manylinux2010_i686.whl", hash = "sha256:4464b0e8fd5508bff9baf18e6fd4c6548b1ac2ce9862d6965ff6a84ec9cb302a"},
    {file = "pycryptodome-3.19.1-cp27-cp27m-manylinux2010_x86_64.whl", hash = "sha256:420972f9c62978e852c74055d81c354079ce3c3a2213a92c9d7e37bbc63a26e2"},
    {file = "pycryptodome-3.19.1-cp27-cp27m-manylinux_2_17_aarch64.manylinux2014_aarch64.whl", hash = "sha256:c1bc0c49d986a1491d66d2a56570f12e960b12508b7e71f2423f532e28857f36"},
    {file = "pycryptodome-3.19.1-cp27-cp27m-musllinux_1_1_aarch64.whl", hash = "sha256:e038ab77fec0956d7aa989a3c647652937fc142ef41c9382c2ebd13c127d5b4a"},
    {file = "pycryptodome-3.19.1-cp27-cp27m-win32.whl", hash = "sha256:a991f8ffe8dfe708f86690948ae46442eebdd0fff07dc1b605987939a34ec979"},
    {file = "pycryptodome-3.19.1-cp27-cp27m-win_amd64.whl", hash = "sha256:2c16426ef49d9cba018be2340ea986837e1dfa25c2ea181787971654dd49aadd"},
    {file = "pycryptodome-3.19.1-cp27-cp27mu-manylinux2010_i686.whl", hash = "sha256:6d0d2b97758ebf2f36c39060520447c26455acb3bcff309c28b1c816173a6ff5"},
    {file = "pycryptodome-3.19.1-cp27-cp27mu-manylinux2010_x86_64.whl", hash = "sha256:b8b80ff92049fd042177282917d994d344365ab7e8ec2bc03e853d93d2401786"},
    {file = "pycryptodome-3.19.1-cp27-cp27mu-manylinux_2_17_aarch64.manylinux2014_aarch64.whl", hash = "sha256:cd4e7e8bf0fc1ada854688b9b309ee607e2aa85a8b44180f91021a4dd330a928"},
    {file = "pycryptodome-3.19.1-cp27-cp27mu-musllinux_1_1_aarch64.whl", hash = "sha256:8cf5d3d6cf921fa81acd1f632f6cedcc03f5f68fc50c364cd39490ba01d17c49"},
    {file = "pycryptodome-3.19.1-cp35-abi3-macosx_10_9_universal2.whl", hash = "sha256:67939a3adbe637281c611596e44500ff309d547e932c449337649921b17b6297"},
    {file = "pycryptodome-3.19.1-cp35-abi3-macosx_10_9_x86_64.whl", hash = "sha256:11ddf6c9b52116b62223b6a9f4741bc4f62bb265392a4463282f7f34bb287180"},
    {file = "pycryptodome-3.19.1-cp35-abi3-manylinux_2_17_aarch64.manylinux2014_aarch64.whl", hash = "sha256:e3e6f89480616781d2a7f981472d0cdb09b9da9e8196f43c1234eff45c915766"},
    {file = "pycryptodome-3.19.1-cp35-abi3-manylinux_2_17_x86_64.manylinux2014_x86_64.whl", hash = "sha256:27e1efcb68993b7ce5d1d047a46a601d41281bba9f1971e6be4aa27c69ab8065"},
    {file = "pycryptodome-3.19.1-cp35-abi3-manylinux_2_5_i686.manylinux1_i686.manylinux_2_17_i686.manylinux2014_i686.whl", hash = "sha256:1c6273ca5a03b672e504995529b8bae56da0ebb691d8ef141c4aa68f60765700"},
    {file = "pycryptodome-3.19.1-cp35-abi3-musllinux_1_1_aarch64.whl", hash = "sha256:b0bfe61506795877ff974f994397f0c862d037f6f1c0bfc3572195fc00833b96"},
    {file = "pycryptodome-3.19.1-cp35-abi3-musllinux_1_1_i686.whl", hash = "sha256:f34976c5c8eb79e14c7d970fb097482835be8d410a4220f86260695ede4c3e17"},
    {file = "pycryptodome-3.19.1-cp35-abi3-musllinux_1_1_x86_64.whl", hash = "sha256:7c9e222d0976f68d0cf6409cfea896676ddc1d98485d601e9508f90f60e2b0a2"},
    {file = "pycryptodome-3.19.1-cp35-abi3-win32.whl", hash = "sha256:4805e053571140cb37cf153b5c72cd324bb1e3e837cbe590a19f69b6cf85fd03"},
    {file = "pycryptodome-3.19.1-cp35-abi3-win_amd64.whl", hash = "sha256:a470237ee71a1efd63f9becebc0ad84b88ec28e6784a2047684b693f458f41b7"},
    {file = "pycryptodome-3.19.1-pp27-pypy_73-manylinux2010_x86_64.whl", hash = "sha256:ed932eb6c2b1c4391e166e1a562c9d2f020bfff44a0e1b108f67af38b390ea89"},
    {file = "pycryptodome-3.19.1-pp27-pypy_73-win32.whl", hash = "sha256:81e9d23c0316fc1b45d984a44881b220062336bbdc340aa9218e8d0656587934"},
    {file = "pycryptodome-3.19.1-pp310-pypy310_pp73-macosx_10_9_x86_64.whl", hash = "sha256:37e531bf896b70fe302f003d3be5a0a8697737a8d177967da7e23eff60d6483c"},
    {file = "pycryptodome-3.19.1-pp310-pypy310_pp73-manylinux_2_17_x86_64.manylinux2014_x86_64.whl", hash = "sha256:cd4e95b0eb4b28251c825fe7aa941fe077f993e5ca9b855665935b86fbb1cc08"},
    {file = "pycryptodome-3.19.1-pp310-pypy310_pp73-manylinux_2_5_i686.manylinux1_i686.manylinux_2_17_i686.manylinux2014_i686.whl", hash = "sha256:c22c80246c3c880c6950d2a8addf156cee74ec0dc5757d01e8e7067a3c7da015"},
    {file = "pycryptodome-3.19.1-pp310-pypy310_pp73-win_amd64.whl", hash = "sha256:e70f5c839c7798743a948efa2a65d1fe96bb397fe6d7f2bde93d869fe4f0ad69"},
    {file = "pycryptodome-3.19.1-pp39-pypy39_pp73-macosx_10_9_x86_64.whl", hash = "sha256:6c3df3613592ea6afaec900fd7189d23c8c28b75b550254f4bd33fe94acb84b9"},
    {file = "pycryptodome-3.19.1-pp39-pypy39_pp73-manylinux_2_17_x86_64.manylinux2014_x86_64.whl", hash = "sha256:08b445799d571041765e7d5c9ca09c5d3866c2f22eeb0dd4394a4169285184f4"},
    {file = "pycryptodome-3.19.1-pp39-pypy39_pp73-manylinux_2_5_i686.manylinux1_i686.manylinux_2_17_i686.manylinux2014_i686.whl", hash = "sha256:954d156cd50130afd53f8d77f830fe6d5801bd23e97a69d358fed068f433fbfe"},
    {file = "pycryptodome-3.19.1-pp39-pypy39_pp73-win_amd64.whl", hash = "sha256:b7efd46b0b4ac869046e814d83244aeab14ef787f4850644119b1c8b0ec2d637"},
    {file = "pycryptodome-3.19.1.tar.gz", hash = "sha256:8ae0dd1bcfada451c35f9e29a3e5db385caabc190f98e4a80ad02a61098fb776"},
]

[[package]]
name = "pyparsing"
version = "3.0.8"
description = "pyparsing module - Classes and methods to define and execute parsing grammars"
optional = false
python-versions = ">=3.6.8"
files = [
    {file = "pyparsing-3.0.8-py3-none-any.whl", hash = "sha256:ef7b523f6356f763771559412c0d7134753f037822dad1b16945b7b846f7ad06"},
    {file = "pyparsing-3.0.8.tar.gz", hash = "sha256:7bf433498c016c4314268d95df76c81b842a4cb2b276fa3312cfb1e1d85f6954"},
]

[package.extras]
diagrams = ["jinja2", "railroad-diagrams"]

[[package]]
name = "pytest"
version = "5.4.3"
description = "pytest: simple powerful testing with Python"
optional = false
python-versions = ">=3.5"
files = [
    {file = "pytest-5.4.3-py3-none-any.whl", hash = "sha256:5c0db86b698e8f170ba4582a492248919255fcd4c79b1ee64ace34301fb589a1"},
    {file = "pytest-5.4.3.tar.gz", hash = "sha256:7979331bfcba207414f5e1263b5a0f8f521d0f457318836a7355531ed1a4c7d8"},
]

[package.dependencies]
atomicwrites = {version = ">=1.0", markers = "sys_platform == \"win32\""}
attrs = ">=17.4.0"
colorama = {version = "*", markers = "sys_platform == \"win32\""}
more-itertools = ">=4.0.0"
packaging = "*"
pluggy = ">=0.12,<1.0"
py = ">=1.5.0"
wcwidth = "*"

[package.extras]
checkqa-mypy = ["mypy (==v0.761)"]
testing = ["argcomplete", "hypothesis (>=3.56)", "mock", "nose", "requests", "xmlschema"]

[[package]]
name = "python-whois"
version = "0.7.3"
description = "Whois querying and parsing of domain registration information."
optional = false
python-versions = "*"
files = [
    {file = "python-whois-0.7.3.tar.gz", hash = "sha256:656a1100b8757f29daf010ec5a893a3d6349ccf097884021988c174eedea4a16"},
]

[package.dependencies]
future = "*"

[package.extras]
"better date conversion" = ["python-dateutil"]

[[package]]
name = "requests"
version = "2.27.1"
description = "Python HTTP for Humans."
optional = false
python-versions = ">=2.7, !=3.0.*, !=3.1.*, !=3.2.*, !=3.3.*, !=3.4.*, !=3.5.*"
files = [
    {file = "requests-2.27.1-py2.py3-none-any.whl", hash = "sha256:f22fa1e554c9ddfd16e6e41ac79759e17be9e492b3587efa038054674760e72d"},
    {file = "requests-2.27.1.tar.gz", hash = "sha256:68d7c56fd5a8999887728ef304a6d12edc7be74f1cfa47714fc8b414525c9a61"},
]

[package.dependencies]
certifi = ">=2017.4.17"
charset-normalizer = {version = ">=2.0.0,<2.1.0", markers = "python_version >= \"3\""}
idna = {version = ">=2.5,<4", markers = "python_version >= \"3\""}
urllib3 = ">=1.21.1,<1.27"

[package.extras]
socks = ["PySocks (>=1.5.6,!=1.5.7)", "win-inet-pton"]
use-chardet-on-py3 = ["chardet (>=3.0.2,<5)"]

[[package]]
name = "urllib3"
version = "1.26.9"
description = "HTTP library with thread-safe connection pooling, file post, and more."
optional = false
python-versions = ">=2.7, !=3.0.*, !=3.1.*, !=3.2.*, !=3.3.*, !=3.4.*, <4"
files = [
    {file = "urllib3-1.26.9-py2.py3-none-any.whl", hash = "sha256:44ece4d53fb1706f667c9bd1c648f5469a2ec925fcf3a776667042d645472c14"},
    {file = "urllib3-1.26.9.tar.gz", hash = "sha256:aabaf16477806a5e1dd19aa41f8c2b7950dd3c746362d7e3223dbe6de6ac448e"},
]

[package.extras]
brotli = ["brotli (>=1.0.9)", "brotlicffi (>=0.8.0)", "brotlipy (>=0.6.0)"]
secure = ["certifi", "cryptography (>=1.3.4)", "idna (>=2.0.0)", "ipaddress", "pyOpenSSL (>=0.14)"]
socks = ["PySocks (>=1.5.6,!=1.5.7,<2.0)"]

[[package]]
name = "uuid"
version = "1.30"
description = "UUID object and generation functions (Python 2.3 or higher)"
optional = false
python-versions = "*"
files = [
    {file = "uuid-1.30.tar.gz", hash = "sha256:1f87cc004ac5120466f36c5beae48b4c48cc411968eed0eaecd3da82aa96193f"},
]

[[package]]
name = "wcwidth"
version = "0.2.5"
description = "Measures the displayed width of unicode strings in a terminal"
optional = false
python-versions = "*"
files = [
    {file = "wcwidth-0.2.5-py2.py3-none-any.whl", hash = "sha256:beb4802a9cebb9144e99086eff703a642a13d6a0052920003a230f3294bbe784"},
    {file = "wcwidth-0.2.5.tar.gz", hash = "sha256:c4d647b99872929fdb7bdcaa4fbe7f01413ed3d98077df798530e5b04f116c83"},
]

[metadata]
lock-version = "2.0"
python-versions = "^3.8"
content-hash = "056cf6b275692029372200e92f781c03f5f8125cb06c3d354706508acdaf0828"
